# This file is automatically @generated by Cargo.
# It is not intended for manual editing.
[[package]]
name = "cc"
version = "1.0.48"
source = "registry+https://github.com/rust-lang/crates.io-index"

[[package]]
name = "mini-v8"
version = "0.1.0"
source = "registry+https://github.com/rust-lang/crates.io-index"
dependencies = [
 "cc 1.0.48 (registry+https://github.com/rust-lang/crates.io-index)",
]

[[package]]
name = "v8-rust-interop"
version = "0.1.0"
dependencies = [
 "mini-v8 0.1.0 (registry+https://github.com/rust-lang/crates.io-index)",
]

[metadata]
"checksum cc 1.0.48 (registry+https://github.com/rust-lang/crates.io-index)" = "f52a465a666ca3d838ebbf08b241383421412fe7ebb463527bba275526d89f76"
"checksum mini-v8 0.1.0 (registry+https://github.com/rust-lang/crates.io-index)" = "28c466b588c00d5ed594a46c175dc7eb3ed441785407bdcdbdc2effbacd0334f"
